
Microsoft Visual Studio Solution File, Format Version 12.00
# Visual Studio Version 17
VisualStudioVersion = 17.9.34723.18
MinimumVisualStudioVersion = 10.0.40219.1
Project("{9A19103F-16F7-4668-BE54-9A1E7A4F7556}") = "day7TrackerApp", "day7TrackerApp\day7TrackerApp.csproj", "{D591E1FD-382A-4CCF-A8AC-F336CCE918B3}"
EndProject
Project("{9A19103F-16F7-4668-BE54-9A1E7A4F7556}") = "RequestTrackerAppModel", "RequestTrackerAppModel\RequestTrackerAppModel.csproj", "{AD79331B-0621-4D46-A3D5-F220415AB3B8}"
EndProject
Project("{9A19103F-16F7-4668-BE54-9A1E7A4F7556}") = "RequestTrackerDalLibrary", "RequestTrackerDalLibrary\RequestTrackerDalLibrary.csproj", "{8B2DEA23-E546-4433-8FD4-025350A3A70C}"
EndProject
Project("{9A19103F-16F7-4668-BE54-9A1E7A4F7556}") = "RequestTrackerBlLibrary", "RequestTrackerBlLibrary\RequestTrackerBlLibrary.csproj", "{4B3ED360-C659-4BD2-9613-1A3496602394}"
EndProject
Project("{FAE04EC0-301F-11D3-BF4B-00C04F79EFBC}") = "day10RequestTrackerTest", "day10RequestTrackerTest\day10RequestTrackerTest.csproj", "{374D6FDD-03D0-498F-BAB7-2786D906C04C}"
EndProject
Project("{FAE04EC0-301F-11D3-BF4B-00C04F79EFBC}") = "DepartBLTest", "DepartBLTest\DepartBLTest.csproj", "{B63C5246-B11A-4716-9DB0-87E103601A01}"
EndProject
Global
	GlobalSection(SolutionConfigurationPlatforms) = preSolution
		Debug|Any CPU = Debug|Any CPU
		Release|Any CPU = Release|Any CPU
	EndGlobalSection
	GlobalSection(ProjectConfigurationPlatforms) = postSolution
		{D591E1FD-382A-4CCF-A8AC-F336CCE918B3}.Debug|Any CPU.ActiveCfg = Debug|Any CPU
		{D591E1FD-382A-4CCF-A8AC-F336CCE918B3}.Debug|Any CPU.Build.0 = Debug|Any CPU
		{D591E1FD-382A-4CCF-A8AC-F336CCE918B3}.Release|Any CPU.ActiveCfg = Release|Any CPU
		{D591E1FD-382A-4CCF-A8AC-F336CCE918B3}.Release|Any CPU.Build.0 = Release|Any CPU
		{AD79331B-0621-4D46-A3D5-F220415AB3B8}.Debug|Any CPU.ActiveCfg = Debug|Any CPU
		{AD79331B-0621-4D46-A3D5-F220415AB3B8}.Debug|Any CPU.Build.0 = Debug|Any CPU
		{AD79331B-0621-4D46-A3D5-F220415AB3B8}.Release|Any CPU.ActiveCfg = Release|Any CPU
		{AD79331B-0621-4D46-A3D5-F220415AB3B8}.Release|Any CPU.Build.0 = Release|Any CPU
		{8B2DEA23-E546-4433-8FD4-025350A3A70C}.Debug|Any CPU.ActiveCfg = Debug|Any CPU
		{8B2DEA23-E546-4433-8FD4-025350A3A70C}.Debug|Any CPU.Build.0 = Debug|Any CPU
		{8B2DEA23-E546-4433-8FD4-025350A3A70C}.Release|Any CPU.ActiveCfg = Release|Any CPU
		{8B2DEA23-E546-4433-8FD4-025350A3A70C}.Release|Any CPU.Build.0 = Release|Any CPU
		{4B3ED360-C659-4BD2-9613-1A3496602394}.Debug|Any CPU.ActiveCfg = Debug|Any CPU
		{4B3ED360-C659-4BD2-9613-1A3496602394}.Debug|Any CPU.Build.0 = Debug|Any CPU
		{4B3ED360-C659-4BD2-9613-1A3496602394}.Release|Any CPU.ActiveCfg = Release|Any CPU
		{4B3ED360-C659-4BD2-9613-1A3496602394}.Release|Any CPU.Build.0 = Release|Any CPU
		{374D6FDD-03D0-498F-BAB7-2786D906C04C}.Debug|Any CPU.ActiveCfg = Debug|Any CPU
		{374D6FDD-03D0-498F-BAB7-2786D906C04C}.Debug|Any CPU.Build.0 = Debug|Any CPU
		{374D6FDD-03D0-498F-BAB7-2786D906C04C}.Release|Any CPU.ActiveCfg = Release|Any CPU
		{374D6FDD-03D0-498F-BAB7-2786D906C04C}.Release|Any CPU.Build.0 = Release|Any CPU
		{B63C5246-B11A-4716-9DB0-87E103601A01}.Debug|Any CPU.ActiveCfg = Debug|Any CPU
		{B63C5246-B11A-4716-9DB0-87E103601A01}.Debug|Any CPU.Build.0 = Debug|Any CPU
		{B63C5246-B11A-4716-9DB0-87E103601A01}.Release|Any CPU.ActiveCfg = Release|Any CPU
		{B63C5246-B11A-4716-9DB0-87E103601A01}.Release|Any CPU.Build.0 = Release|Any CPU
	EndGlobalSection
	GlobalSection(SolutionProperties) = preSolution
		HideSolutionNode = FALSE
	EndGlobalSection
	GlobalSection(ExtensibilityGlobals) = postSolution
		SolutionGuid = {2D2E7AF4-9593-44CB-BF48-1EB89CC6C0A5}
	EndGlobalSection
EndGlobal
