
Microsoft Visual Studio Solution File, Format Version 12.00
# Visual Studio Version 17
VisualStudioVersion = 17.9.34723.18
MinimumVisualStudioVersion = 10.0.40219.1
Project("{FAE04EC0-301F-11D3-BF4B-00C04F79EFBC}") = "CompanyManagementApp", "CompanyManagementApp\CompanyManagementApp.csproj", "{4DBA038B-ABA2-4B30-83CA-F595F3985979}"
EndProject
Project("{FAE04EC0-301F-11D3-BF4B-00C04F79EFBC}") = "CompanyModelLibrary", "CompanyModelLibrary\CompanyModelLibrary.csproj", "{3936FB9C-0C78-4675-B7A7-EFA8126DED7D}"
EndProject
Global
	GlobalSection(SolutionConfigurationPlatforms) = preSolution
		Debug|Any CPU = Debug|Any CPU
		Release|Any CPU = Release|Any CPU
	EndGlobalSection
	GlobalSection(ProjectConfigurationPlatforms) = postSolution
		{4DBA038B-ABA2-4B30-83CA-F595F3985979}.Debug|Any CPU.ActiveCfg = Debug|Any CPU
		{4DBA038B-ABA2-4B30-83CA-F595F3985979}.Debug|Any CPU.Build.0 = Debug|Any CPU
		{4DBA038B-ABA2-4B30-83CA-F595F3985979}.Release|Any CPU.ActiveCfg = Release|Any CPU
		{4DBA038B-ABA2-4B30-83CA-F595F3985979}.Release|Any CPU.Build.0 = Release|Any CPU
		{3936FB9C-0C78-4675-B7A7-EFA8126DED7D}.Debug|Any CPU.ActiveCfg = Debug|Any CPU
		{3936FB9C-0C78-4675-B7A7-EFA8126DED7D}.Debug|Any CPU.Build.0 = Debug|Any CPU
		{3936FB9C-0C78-4675-B7A7-EFA8126DED7D}.Release|Any CPU.ActiveCfg = Release|Any CPU
		{3936FB9C-0C78-4675-B7A7-EFA8126DED7D}.Release|Any CPU.Build.0 = Release|Any CPU
	EndGlobalSection
	GlobalSection(SolutionProperties) = preSolution
		HideSolutionNode = FALSE
	EndGlobalSection
	GlobalSection(ExtensibilityGlobals) = postSolution
		SolutionGuid = {9AD52754-9398-4E51-A3C0-139FD2934DC0}
	EndGlobalSection
EndGlobal
