
Microsoft Visual Studio Solution File, Format Version 12.00
# Visual Studio Version 17
VisualStudioVersion = 17.10.35013.160
MinimumVisualStudioVersion = 10.0.40219.1
Project("{FAE04EC0-301F-11D3-BF4B-00C04F79EFBC}") = "webAppforDocker", "webAppforDocker\webAppforDocker.csproj", "{745BF9E5-27BF-4B05-B5F7-129EF74AC17B}"
EndProject
Global
	GlobalSection(SolutionConfigurationPlatforms) = preSolution
		Debug|Any CPU = Debug|Any CPU
		Release|Any CPU = Release|Any CPU
	EndGlobalSection
	GlobalSection(ProjectConfigurationPlatforms) = postSolution
		{745BF9E5-27BF-4B05-B5F7-129EF74AC17B}.Debug|Any CPU.ActiveCfg = Debug|Any CPU
		{745BF9E5-27BF-4B05-B5F7-129EF74AC17B}.Debug|Any CPU.Build.0 = Debug|Any CPU
		{745BF9E5-27BF-4B05-B5F7-129EF74AC17B}.Release|Any CPU.ActiveCfg = Release|Any CPU
		{745BF9E5-27BF-4B05-B5F7-129EF74AC17B}.Release|Any CPU.Build.0 = Release|Any CPU
	EndGlobalSection
	GlobalSection(SolutionProperties) = preSolution
		HideSolutionNode = FALSE
	EndGlobalSection
	GlobalSection(ExtensibilityGlobals) = postSolution
		SolutionGuid = {C094365C-6D2E-40D1-9C6D-1E68107B64A4}
	EndGlobalSection
EndGlobal
