
Microsoft Visual Studio Solution File, Format Version 12.00
# Visual Studio Version 17
VisualStudioVersion = 17.9.34723.18
MinimumVisualStudioVersion = 10.0.40219.1
Project("{FAE04EC0-301F-11D3-BF4B-00C04F79EFBC}") = "day8ConsoleApp", "day8ConsoleApp\day8ConsoleApp.csproj", "{379613B0-B322-4891-808C-644D7AC98307}"
EndProject
Global
	GlobalSection(SolutionConfigurationPlatforms) = preSolution
		Debug|Any CPU = Debug|Any CPU
		Release|Any CPU = Release|Any CPU
	EndGlobalSection
	GlobalSection(ProjectConfigurationPlatforms) = postSolution
		{379613B0-B322-4891-808C-644D7AC98307}.Debug|Any CPU.ActiveCfg = Debug|Any CPU
		{379613B0-B322-4891-808C-644D7AC98307}.Debug|Any CPU.Build.0 = Debug|Any CPU
		{379613B0-B322-4891-808C-644D7AC98307}.Release|Any CPU.ActiveCfg = Release|Any CPU
		{379613B0-B322-4891-808C-644D7AC98307}.Release|Any CPU.Build.0 = Release|Any CPU
	EndGlobalSection
	GlobalSection(SolutionProperties) = preSolution
		HideSolutionNode = FALSE
	EndGlobalSection
	GlobalSection(ExtensibilityGlobals) = postSolution
		SolutionGuid = {8B358BF3-3C38-4E97-ABFF-3FBF2A98A533}
	EndGlobalSection
EndGlobal
