
Microsoft Visual Studio Solution File, Format Version 12.00
# Visual Studio Version 17
VisualStudioVersion = 17.9.34723.18
MinimumVisualStudioVersion = 10.0.40219.1
Project("{FAE04EC0-301F-11D3-BF4B-00C04F79EFBC}") = "RequestTrackerApp", "RequestTrackerApp\RequestTrackerApp.csproj", "{FA736ABA-E9CD-4F3E-B825-A4CC9E05CDA0}"
EndProject
Project("{FAE04EC0-301F-11D3-BF4B-00C04F79EFBC}") = "RequestTrackerModelLibrary", "RequestTrackerModelLibrary\RequestTrackerModelLibrary.csproj", "{7CED7D88-52B7-4A93-90EC-89F657EE0433}"
EndProject
Global
	GlobalSection(SolutionConfigurationPlatforms) = preSolution
		Debug|Any CPU = Debug|Any CPU
		Release|Any CPU = Release|Any CPU
	EndGlobalSection
	GlobalSection(ProjectConfigurationPlatforms) = postSolution
		{FA736ABA-E9CD-4F3E-B825-A4CC9E05CDA0}.Debug|Any CPU.ActiveCfg = Debug|Any CPU
		{FA736ABA-E9CD-4F3E-B825-A4CC9E05CDA0}.Debug|Any CPU.Build.0 = Debug|Any CPU
		{FA736ABA-E9CD-4F3E-B825-A4CC9E05CDA0}.Release|Any CPU.ActiveCfg = Release|Any CPU
		{FA736ABA-E9CD-4F3E-B825-A4CC9E05CDA0}.Release|Any CPU.Build.0 = Release|Any CPU
		{7CED7D88-52B7-4A93-90EC-89F657EE0433}.Debug|Any CPU.ActiveCfg = Debug|Any CPU
		{7CED7D88-52B7-4A93-90EC-89F657EE0433}.Debug|Any CPU.Build.0 = Debug|Any CPU
		{7CED7D88-52B7-4A93-90EC-89F657EE0433}.Release|Any CPU.ActiveCfg = Release|Any CPU
		{7CED7D88-52B7-4A93-90EC-89F657EE0433}.Release|Any CPU.Build.0 = Release|Any CPU
	EndGlobalSection
	GlobalSection(SolutionProperties) = preSolution
		HideSolutionNode = FALSE
	EndGlobalSection
	GlobalSection(ExtensibilityGlobals) = postSolution
		SolutionGuid = {AFC5B0ED-4F08-47D0-B7E1-074DE03196E7}
	EndGlobalSection
EndGlobal
